
Microsoft Visual Studio Solution File, Format Version 12.00
# Visual Studio 15
VisualStudioVersion = 15.0.27703.2042
MinimumVisualStudioVersion = 10.0.40219.1
Project("{FAE04EC0-301F-11D3-BF4B-00C04F79EFBC}") = "ps4RemoteSender", "ps4RemoteSender\ps4RemoteSender.csproj", "{EBEDC161-1FC6-4574-A973-F94A05DEA6F6}"
EndProject
Global
	GlobalSection(SolutionConfigurationPlatforms) = preSolution
		Debug|Any CPU = Debug|Any CPU
		Release|Any CPU = Release|Any CPU
	EndGlobalSection
	GlobalSection(ProjectConfigurationPlatforms) = postSolution
		{EBEDC161-1FC6-4574-A973-F94A05DEA6F6}.Debug|Any CPU.ActiveCfg = Debug|Any CPU
		{EBEDC161-1FC6-4574-A973-F94A05DEA6F6}.Debug|Any CPU.Build.0 = Debug|Any CPU
		{EBEDC161-1FC6-4574-A973-F94A05DEA6F6}.Release|Any CPU.ActiveCfg = Release|Any CPU
		{EBEDC161-1FC6-4574-A973-F94A05DEA6F6}.Release|Any CPU.Build.0 = Release|Any CPU
	EndGlobalSection
	GlobalSection(SolutionProperties) = preSolution
		HideSolutionNode = FALSE
	EndGlobalSection
	GlobalSection(ExtensibilityGlobals) = postSolution
		SolutionGuid = {12816560-30F8-4E06-AC7E-2BABEAC8B147}
	EndGlobalSection
EndGlobal
